// !$*UTF8*$!
{
	archiveVersion = 1;
	classes = {
	};
	objectVersion = 77;
	objects = {

/* Begin PBXContainerItemProxy section */
		C5DFAEDA2D956AA5004F4F28 /* PBXContainerItemProxy */ = {
			isa = PBXContainerItemProxy;
			containerPortal = C5DFAEC02D956AA2004F4F28 /* Project object */;
			proxyType = 1;
			remoteGlobalIDString = C5DFAEC72D956AA2004F4F28;
			remoteInfo = upcoming;
		};
		C5DFAEE42D956AA5004F4F28 /* PBXContainerItemProxy */ = {
			isa = PBXContainerItemProxy;
			containerPortal = C5DFAEC02D956AA2004F4F28 /* Project object */;
			proxyType = 1;
			remoteGlobalIDString = C5DFAEC72D956AA2004F4F28;
			remoteInfo = upcoming;
		};
/* End PBXContainerItemProxy section */

/* Begin PBXFileReference section */
		C5DFAEC82D956AA3004F4F28 /* upcoming.app */ = {isa = PBXFileReference; explicitFileType = wrapper.application; includeInIndex = 0; path = upcoming.app; sourceTree = BUILT_PRODUCTS_DIR; };
		C5DFAED92D956AA5004F4F28 /* upcomingTests.xctest */ = {isa = PBXFileReference; explicitFileType = wrapper.cfbundle; includeInIndex = 0; path = upcomingTests.xctest; sourceTree = BUILT_PRODUCTS_DIR; };
		C5DFAEE32D956AA5004F4F28 /* upcomingUITests.xctest */ = {isa = PBXFileReference; explicitFileType = wrapper.cfbundle; includeInIndex = 0; path = upcomingUITests.xctest; sourceTree = BUILT_PRODUCTS_DIR; };
/* End PBXFileReference section */

/* Begin PBXFileSystemSynchronizedRootGroup section */
		C5DFAECA2D956AA3004F4F28 /* upcoming */ = {
			isa = PBXFileSystemSynchronizedRootGroup;
			path = upcoming;
			sourceTree = "<group>";
		};
		C5DFAEDC2D956AA5004F4F28 /* upcomingTests */ = {
			isa = PBXFileSystemSynchronizedRootGroup;
			path = upcomingTests;
			sourceTree = "<group>";
		};
		C5DFAEE62D956AA5004F4F28 /* upcomingUITests */ = {
			isa = PBXFileSystemSynchronizedRootGroup;
			path = upcomingUITests;
			sourceTree = "<group>";
		};
/* End PBXFileSystemSynchronizedRootGroup section */

/* Begin PBXFrameworksBuildPhase section */
		C5DFAEC52D956AA2004F4F28 /* Frameworks */ = {
			isa = PBXFrameworksBuildPhase;
			buildActionMask = 2147483647;
			files = (
			);
			runOnlyForDeploymentPostprocessing = 0;
		};
		C5DFAED62D956AA5004F4F28 /* Frameworks */ = {
			isa = PBXFrameworksBuildPhase;
			buildActionMask = 2147483647;
			files = (
			);
			runOnlyForDeploymentPostprocessing = 0;
		};
		C5DFAEE02D956AA5004F4F28 /* Frameworks */ = {
			isa = PBXFrameworksBuildPhase;
			buildActionMask = 2147483647;
			files = (
			);
			runOnlyForDeploymentPostprocessing = 0;
		};
/* End PBXFrameworksBuildPhase section */

/* Begin PBXGroup section */
		C5DFAEBF2D956AA2004F4F28 = {
			isa = PBXGroup;
			children = (
				C5DFAECA2D956AA3004F4F28 /* upcoming */,
				C5DFAEDC2D956AA5004F4F28 /* upcomingTests */,
				C5DFAEE62D956AA5004F4F28 /* upcomingUITests */,
				C5DFAEC92D956AA3004F4F28 /* Products */,
			);
			sourceTree = "<group>";
		};
		C5DFAEC92D956AA3004F4F28 /* Products */ = {
			isa = PBXGroup;
			children = (
				C5DFAEC82D956AA3004F4F28 /* upcoming.app */,
				C5DFAED92D956AA5004F4F28 /* upcomingTests.xctest */,
				C5DFAEE32D956AA5004F4F28 /* upcomingUITests.xctest */,
			);
			name = Products;
			sourceTree = "<group>";
		};
/* End PBXGroup section */

/* Begin PBXNativeTarget section */
		C5DFAEC72D956AA2004F4F28 /* upcoming */ = {
			isa = PBXNativeTarget;
			buildConfigurationList = C5DFAEED2D956AA5004F4F28 /* Build configuration list for PBXNativeTarget "upcoming" */;
			buildPhases = (
				C5DFAEC42D956AA2004F4F28 /* Sources */,
				C5DFAEC52D956AA2004F4F28 /* Frameworks */,
				C5DFAEC62D956AA2004F4F28 /* Resources */,
			);
			buildRules = (
			);
			dependencies = (
			);
			fileSystemSynchronizedGroups = (
				C5DFAECA2D956AA3004F4F28 /* upcoming */,
			);
			name = upcoming;
			packageProductDependencies = (
			);
			productName = upcoming;
			productReference = C5DFAEC82D956AA3004F4F28 /* upcoming.app */;
			productType = "com.apple.product-type.application";
		};
		C5DFAED82D956AA5004F4F28 /* upcomingTests */ = {
			isa = PBXNativeTarget;
			buildConfigurationList = C5DFAEF02D956AA5004F4F28 /* Build configuration list for PBXNativeTarget "upcomingTests" */;
			buildPhases = (
				C5DFAED52D956AA5004F4F28 /* Sources */,
				C5DFAED62D956AA5004F4F28 /* Frameworks */,
				C5DFAED72D956AA5004F4F28 /* Resources */,
			);
			buildRules = (
			);
			dependencies = (
				C5DFAEDB2D956AA5004F4F28 /* PBXTargetDependency */,
			);
			fileSystemSynchronizedGroups = (
				C5DFAEDC2D956AA5004F4F28 /* upcomingTests */,
			);
			name = upcomingTests;
			packageProductDependencies = (
			);
			productName = upcomingTests;
			productReference = C5DFAED92D956AA5004F4F28 /* upcomingTests.xctest */;
			productType = "com.apple.product-type.bundle.unit-test";
		};
		C5DFAEE22D956AA5004F4F28 /* upcomingUITests */ = {
			isa = PBXNativeTarget;
			buildConfigurationList = C5DFAEF32D956AA5004F4F28 /* Build configuration list for PBXNativeTarget "upcomingUITests" */;
			buildPhases = (
				C5DFAEDF2D956AA5004F4F28 /* Sources */,
				C5DFAEE02D956AA5004F4F28 /* Frameworks */,
				C5DFAEE12D956AA5004F4F28 /* Resources */,
			);
			buildRules = (
			);
			dependencies = (
				C5DFAEE52D956AA5004F4F28 /* PBXTargetDependency */,
			);
			fileSystemSynchronizedGroups = (
				C5DFAEE62D956AA5004F4F28 /* upcomingUITests */,
			);
			name = upcomingUITests;
			packageProductDependencies = (
			);
			productName = upcomingUITests;
			productReference = C5DFAEE32D956AA5004F4F28 /* upcomingUITests.xctest */;
			productType = "com.apple.product-type.bundle.ui-testing";
		};
/* End PBXNativeTarget section */

/* Begin PBXProject section */
		C5DFAEC02D956AA2004F4F28 /* Project object */ = {
			isa = PBXProject;
			attributes = {
				BuildIndependentTargetsInParallel = 1;
				LastSwiftUpdateCheck = 1620;
				LastUpgradeCheck = 1620;
				TargetAttributes = {
					C5DFAEC72D956AA2004F4F28 = {
						CreatedOnToolsVersion = 16.2;
					};
					C5DFAED82D956AA5004F4F28 = {
						CreatedOnToolsVersion = 16.2;
						TestTargetID = C5DFAEC72D956AA2004F4F28;
					};
					C5DFAEE22D956AA5004F4F28 = {
						CreatedOnToolsVersion = 16.2;
						TestTargetID = C5DFAEC72D956AA2004F4F28;
					};
				};
			};
			buildConfigurationList = C5DFAEC32D956AA2004F4F28 /* Build configuration list for PBXProject "upcoming" */;
			developmentRegion = en;
			hasScannedForEncodings = 0;
			knownRegions = (
				en,
				Base,
			);
			mainGroup = C5DFAEBF2D956AA2004F4F28;
			minimizedProjectReferenceProxies = 1;
			preferredProjectObjectVersion = 77;
			productRefGroup = C5DFAEC92D956AA3004F4F28 /* Products */;
			projectDirPath = "";
			projectRoot = "";
			targets = (
				C5DFAEC72D956AA2004F4F28 /* upcoming */,
				C5DFAED82D956AA5004F4F28 /* upcomingTests */,
				C5DFAEE22D956AA5004F4F28 /* upcomingUITests */,
			);
		};
/* End PBXProject section */

/* Begin PBXResourcesBuildPhase section */
		C5DFAEC62D956AA2004F4F28 /* Resources */ = {
			isa = PBXResourcesBuildPhase;
			buildActionMask = 2147483647;
			files = (
			);
			runOnlyForDeploymentPostprocessing = 0;
		};
		C5DFAED72D956AA5004F4F28 /* Resources */ = {
			isa = PBXResourcesBuildPhase;
			buildActionMask = 2147483647;
			files = (
			);
			runOnlyForDeploymentPostprocessing = 0;
		};
		C5DFAEE12D956AA5004F4F28 /* Resources */ = {
			isa = PBXResourcesBuildPhase;
			buildActionMask = 2147483647;
			files = (
			);
			runOnlyForDeploymentPostprocessing = 0;
		};
/* End PBXResourcesBuildPhase section */

/* Begin PBXSourcesBuildPhase section */
		C5DFAEC42D956AA2004F4F28 /* Sources */ = {
			isa = PBXSourcesBuildPhase;
			buildActionMask = 2147483647;
			files = (
			);
			runOnlyForDeploymentPostprocessing = 0;
		};
		C5DFAED52D956AA5004F4F28 /* Sources */ = {
			isa = PBXSourcesBuildPhase;
			buildActionMask = 2147483647;
			files = (
			);
			runOnlyForDeploymentPostprocessing = 0;
		};
		C5DFAEDF2D956AA5004F4F28 /* Sources */ = {
			isa = PBXSourcesBuildPhase;
			buildActionMask = 2147483647;
			files = (
			);
			runOnlyForDeploymentPostprocessing = 0;
		};
/* End PBXSourcesBuildPhase section */

/* Begin PBXTargetDependency section */
		C5DFAEDB2D956AA5004F4F28 /* PBXTargetDependency */ = {
			isa = PBXTargetDependency;
			target = C5DFAEC72D956AA2004F4F28 /* upcoming */;
			targetProxy = C5DFAEDA2D956AA5004F4F28 /* PBXContainerItemProxy */;
		};
		C5DFAEE52D956AA5004F4F28 /* PBXTargetDependency */ = {
			isa = PBXTargetDependency;
			target = C5DFAEC72D956AA2004F4F28 /* upcoming */;
			targetProxy = C5DFAEE42D956AA5004F4F28 /* PBXContainerItemProxy */;
		};
/* End PBXTargetDependency section */

/* Begin XCBuildConfiguration section */
		C5DFAEEB2D956AA5004F4F28 /* Debug */ = {
			isa = XCBuildConfiguration;
			buildSettings = {
				ALWAYS_SEARCH_USER_PATHS = NO;
				ASSETCATALOG_COMPILER_GENERATE_SWIFT_ASSET_SYMBOL_EXTENSIONS = YES;
				CLANG_ANALYZER_NONNULL = YES;
				CLANG_ANALYZER_NUMBER_OBJECT_CONVERSION = YES_AGGRESSIVE;
				CLANG_CXX_LANGUAGE_STANDARD = "gnu++20";
				CLANG_ENABLE_MODULES = YES;
				CLANG_ENABLE_OBJC_ARC = YES;
				CLANG_ENABLE_OBJC_WEAK = YES;
				CLANG_WARN_BLOCK_CAPTURE_AUTORELEASING = YES;
				CLANG_WARN_BOOL_CONVERSION = YES;
				CLANG_WARN_COMMA = YES;
				CLANG_WARN_CONSTANT_CONVERSION = YES;
				CLANG_WARN_DEPRECATED_OBJC_IMPLEMENTATIONS = YES;
				CLANG_WARN_DIRECT_OBJC_ISA_USAGE = YES_ERROR;
				CLANG_WARN_DOCUMENTATION_COMMENTS = YES;
				CLANG_WARN_EMPTY_BODY = YES;
				CLANG_WARN_ENUM_CONVERSION = YES;
				CLANG_WARN_INFINITE_RECURSION = YES;
				CLANG_WARN_INT_CONVERSION = YES;
				CLANG_WARN_NON_LITERAL_NULL_CONVERSION = YES;
				CLANG_WARN_OBJC_IMPLICIT_RETAIN_SELF = YES;
				CLANG_WARN_OBJC_LITERAL_CONVERSION = YES;
				CLANG_WARN_OBJC_ROOT_CLASS = YES_ERROR;
				CLANG_WARN_QUOTED_INCLUDE_IN_FRAMEWORK_HEADER = YES;
				CLANG_WARN_RANGE_LOOP_ANALYSIS = YES;
				CLANG_WARN_STRICT_PROTOTYPES = YES;
				CLANG_WARN_SUSPICIOUS_MOVE = YES;
				CLANG_WARN_UNGUARDED_AVAILABILITY = YES_AGGRESSIVE;
				CLANG_WARN_UNREACHABLE_CODE = YES;
				CLANG_WARN__DUPLICATE_METHOD_MATCH = YES;
				COPY_PHASE_STRIP = NO;
				DEBUG_INFORMATION_FORMAT = dwarf;
				ENABLE_STRICT_OBJC_MSGSEND = YES;
				ENABLE_TESTABILITY = YES;
				ENABLE_USER_SCRIPT_SANDBOXING = YES;
				GCC_C_LANGUAGE_STANDARD = gnu17;
				GCC_DYNAMIC_NO_PIC = NO;
				GCC_NO_COMMON_BLOCKS = YES;
				GCC_OPTIMIZATION_LEVEL = 0;
				GCC_PREPROCESSOR_DEFINITIONS = (
					"DEBUG=1",
					"$(inherited)",
				);
				GCC_WARN_64_TO_32_BIT_CONVERSION = YES;
				GCC_WARN_ABOUT_RETURN_TYPE = YES_ERROR;
				GCC_WARN_UNDECLARED_SELECTOR = YES;
				GCC_WARN_UNINITIALIZED_AUTOS = YES_AGGRESSIVE;
				GCC_WARN_UNUSED_FUNCTION = YES;
				GCC_WARN_UNUSED_VARIABLE = YES;
				LOCALIZATION_PREFERS_STRING_CATALOGS = YES;
				MACOSX_DEPLOYMENT_TARGET = 15.1;
				MTL_ENABLE_DEBUG_INFO = INCLUDE_SOURCE;
				MTL_FAST_MATH = YES;
				ONLY_ACTIVE_ARCH = YES;
				SDKROOT = macosx;
				SWIFT_ACTIVE_COMPILATION_CONDITIONS = "DEBUG $(inherited)";
				SWIFT_OPTIMIZATION_LEVEL = "-Onone";
			};
			name = Debug;
		};
		C5DFAEEC2D956AA5004F4F28 /* Release */ = {
			isa = XCBuildConfiguration;
			buildSettings = {
				ALWAYS_SEARCH_USER_PATHS = NO;
				ASSETCATALOG_COMPILER_GENERATE_SWIFT_ASSET_SYMBOL_EXTENSIONS = YES;
				CLANG_ANALYZER_NONNULL = YES;
				CLANG_ANALYZER_NUMBER_OBJECT_CONVERSION = YES_AGGRESSIVE;
				CLANG_CXX_LANGUAGE_STANDARD = "gnu++20";
				CLANG_ENABLE_MODULES = YES;
				CLANG_ENABLE_OBJC_ARC = YES;
				CLANG_ENABLE_OBJC_WEAK = YES;
				CLANG_WARN_BLOCK_CAPTURE_AUTORELEASING = YES;
				CLANG_WARN_BOOL_CONVERSION = YES;
				CLANG_WARN_COMMA = YES;
				CLANG_WARN_CONSTANT_CONVERSION = YES;
				CLANG_WARN_DEPRECATED_OBJC_IMPLEMENTATIONS = YES;
				CLANG_WARN_DIRECT_OBJC_ISA_USAGE = YES_ERROR;
				CLANG_WARN_DOCUMENTATION_COMMENTS = YES;
				CLANG_WARN_EMPTY_BODY = YES;
				CLANG_WARN_ENUM_CONVERSION = YES;
				CLANG_WARN_INFINITE_RECURSION = YES;
				CLANG_WARN_INT_CONVERSION = YES;
				CLANG_WARN_NON_LITERAL_NULL_CONVERSION = YES;
				CLANG_WARN_OBJC_IMPLICIT_RETAIN_SELF = YES;
				CLANG_WARN_OBJC_LITERAL_CONVERSION = YES;
				CLANG_WARN_OBJC_ROOT_CLASS = YES_ERROR;
				CLANG_WARN_QUOTED_INCLUDE_IN_FRAMEWORK_HEADER = YES;
				CLANG_WARN_RANGE_LOOP_ANALYSIS = YES;
				CLANG_WARN_STRICT_PROTOTYPES = YES;
				CLANG_WARN_SUSPICIOUS_MOVE = YES;
				CLANG_WARN_UNGUARDED_AVAILABILITY = YES_AGGRESSIVE;
				CLANG_WARN_UNREACHABLE_CODE = YES;
				CLANG_WARN__DUPLICATE_METHOD_MATCH = YES;
				COPY_PHASE_STRIP = NO;
				DEBUG_INFORMATION_FORMAT = "dwarf-with-dsym";
				ENABLE_NS_ASSERTIONS = NO;
				ENABLE_STRICT_OBJC_MSGSEND = YES;
				ENABLE_USER_SCRIPT_SANDBOXING = YES;
				GCC_C_LANGUAGE_STANDARD = gnu17;
				GCC_NO_COMMON_BLOCKS = YES;
				GCC_WARN_64_TO_32_BIT_CONVERSION = YES;
				GCC_WARN_ABOUT_RETURN_TYPE = YES_ERROR;
				GCC_WARN_UNDECLARED_SELECTOR = YES;
				GCC_WARN_UNINITIALIZED_AUTOS = YES_AGGRESSIVE;
				GCC_WARN_UNUSED_FUNCTION = YES;
				GCC_WARN_UNUSED_VARIABLE = YES;
				LOCALIZATION_PREFERS_STRING_CATALOGS = YES;
				MACOSX_DEPLOYMENT_TARGET = 15.1;
				MTL_ENABLE_DEBUG_INFO = NO;
				MTL_FAST_MATH = YES;
				SDKROOT = macosx;
				SWIFT_COMPILATION_MODE = wholemodule;
			};
			name = Release;
		};
		C5DFAEEE2D956AA5004F4F28 /* Debug */ = {
			isa = XCBuildConfiguration;
			buildSettings = {
				ASSETCATALOG_COMPILER_APPICON_NAME = AppIcon;
				ASSETCATALOG_COMPILER_GLOBAL_ACCENT_COLOR_NAME = AccentColor;
				CODE_SIGN_ENTITLEMENTS = upcoming/upcoming.entitlements;
				CODE_SIGN_STYLE = Automatic;
				COMBINE_HIDPI_IMAGES = YES;
				CURRENT_PROJECT_VERSION = 1;
				DEVELOPMENT_ASSET_PATHS = "\"upcoming/Preview Content\"";
				DEVELOPMENT_TEAM = RXNR3N9MXN;
				ENABLE_HARDENED_RUNTIME = YES;
				ENABLE_PREVIEWS = YES;
				GENERATE_INFOPLIST_FILE = YES;
				INFOPLIST_KEY_NSHumanReadableCopyright = "";
				LD_RUNPATH_SEARCH_PATHS = (
					"$(inherited)",
					"@executable_path/../Frameworks",
				);
				MARKETING_VERSION = 1.0;
				PRODUCT_BUNDLE_IDENTIFIER = com.a1eaiactaest.upcoming;
				PRODUCT_NAME = "$(TARGET_NAME)";
				SWIFT_EMIT_LOC_STRINGS = YES;
				SWIFT_VERSION = 5.0;
			};
			name = Debug;
		};
		C5DFAEEF2D956AA5004F4F28 /* Release */ = {
			isa = XCBuildConfiguration;
			buildSettings = {
				ASSETCATALOG_COMPILER_APPICON_NAME = AppIcon;
				ASSETCATALOG_COMPILER_GLOBAL_ACCENT_COLOR_NAME = AccentColor;
				CODE_SIGN_ENTITLEMENTS = upcoming/upcoming.entitlements;
				CODE_SIGN_STYLE = Automatic;
				COMBINE_HIDPI_IMAGES = YES;
				CURRENT_PROJECT_VERSION = 1;
				DEVELOPMENT_ASSET_PATHS = "\"upcoming/Preview Content\"";
				DEVELOPMENT_TEAM = RXNR3N9MXN;
				ENABLE_HARDENED_RUNTIME = YES;
				ENABLE_PREVIEWS = YES;
				GENERATE_INFOPLIST_FILE = YES;
				INFOPLIST_KEY_NSHumanReadableCopyright = "";
				LD_RUNPATH_SEARCH_PATHS = (
					"$(inherited)",
					"@executable_path/../Frameworks",
				);
				MARKETING_VERSION = 1.0;
				PRODUCT_BUNDLE_IDENTIFIER = com.a1eaiactaest.upcoming;
				PRODUCT_NAME = "$(TARGET_NAME)";
				SWIFT_EMIT_LOC_STRINGS = YES;
				SWIFT_VERSION = 5.0;
			};
			name = Release;
		};
		C5DFAEF12D956AA5004F4F28 /* Debug */ = {
			isa = XCBuildConfiguration;
			buildSettings = {
				BUNDLE_LOADER = "$(TEST_HOST)";
				CODE_SIGN_STYLE = Automatic;
				CURRENT_PROJECT_VERSION = 1;
				DEVELOPMENT_TEAM = RXNR3N9MXN;
				GENERATE_INFOPLIST_FILE = YES;
				MACOSX_DEPLOYMENT_TARGET = 15.1;
				MARKETING_VERSION = 1.0;
				PRODUCT_BUNDLE_IDENTIFIER = com.a1eaiactaest.upcomingTests;
				PRODUCT_NAME = "$(TARGET_NAME)";
				SWIFT_EMIT_LOC_STRINGS = NO;
				SWIFT_VERSION = 5.0;
				TEST_HOST = "$(BUILT_PRODUCTS_DIR)/upcoming.app/$(BUNDLE_EXECUTABLE_FOLDER_PATH)/upcoming";
			};
			name = Debug;
		};
		C5DFAEF22D956AA5004F4F28 /* Release */ = {
			isa = XCBuildConfiguration;
			buildSettings = {
				BUNDLE_LOADER = "$(TEST_HOST)";
				CODE_SIGN_STYLE = Automatic;
				CURRENT_PROJECT_VERSION = 1;
				DEVELOPMENT_TEAM = RXNR3N9MXN;
				GENERATE_INFOPLIST_FILE = YES;
				MACOSX_DEPLOYMENT_TARGET = 15.1;
				MARKETING_VERSION = 1.0;
				PRODUCT_BUNDLE_IDENTIFIER = com.a1eaiactaest.upcomingTests;
				PRODUCT_NAME = "$(TARGET_NAME)";
				SWIFT_EMIT_LOC_STRINGS = NO;
				SWIFT_VERSION = 5.0;
				TEST_HOST = "$(BUILT_PRODUCTS_DIR)/upcoming.app/$(BUNDLE_EXECUTABLE_FOLDER_PATH)/upcoming";
			};
			name = Release;
		};
		C5DFAEF42D956AA5004F4F28 /* Debug */ = {
			isa = XCBuildConfiguration;
			buildSettings = {
				CODE_SIGN_STYLE = Automatic;
				CURRENT_PROJECT_VERSION = 1;
				DEVELOPMENT_TEAM = RXNR3N9MXN;
				GENERATE_INFOPLIST_FILE = YES;
				MARKETING_VERSION = 1.0;
				PRODUCT_BUNDLE_IDENTIFIER = com.a1eaiactaest.upcomingUITests;
				PRODUCT_NAME = "$(TARGET_NAME)";
				SWIFT_EMIT_LOC_STRINGS = NO;
				SWIFT_VERSION = 5.0;
				TEST_TARGET_NAME = upcoming;
			};
			name = Debug;
		};
		C5DFAEF52D956AA5004F4F28 /* Release */ = {
			isa = XCBuildConfiguration;
			buildSettings = {
				CODE_SIGN_STYLE = Automatic;
				CURRENT_PROJECT_VERSION = 1;
				DEVELOPMENT_TEAM = RXNR3N9MXN;
				GENERATE_INFOPLIST_FILE = YES;
				MARKETING_VERSION = 1.0;
				PRODUCT_BUNDLE_IDENTIFIER = com.a1eaiactaest.upcomingUITests;
				PRODUCT_NAME = "$(TARGET_NAME)";
				SWIFT_EMIT_LOC_STRINGS = NO;
				SWIFT_VERSION = 5.0;
				TEST_TARGET_NAME = upcoming;
			};
			name = Release;
		};
/* End XCBuildConfiguration section */

/* Begin XCConfigurationList section */
		C5DFAEC32D956AA2004F4F28 /* Build configuration list for PBXProject "upcoming" */ = {
			isa = XCConfigurationList;
			buildConfigurations = (
				C5DFAEEB2D956AA5004F4F28 /* Debug */,
				C5DFAEEC2D956AA5004F4F28 /* Release */,
			);
			defaultConfigurationIsVisible = 0;
			defaultConfigurationName = Release;
		};
		C5DFAEED2D956AA5004F4F28 /* Build configuration list for PBXNativeTarget "upcoming" */ = {
			isa = XCConfigurationList;
			buildConfigurations = (
				C5DFAEEE2D956AA5004F4F28 /* Debug */,
				C5DFAEEF2D956AA5004F4F28 /* Release */,
			);
			defaultConfigurationIsVisible = 0;
			defaultConfigurationName = Release;
		};
		C5DFAEF02D956AA5004F4F28 /* Build configuration list for PBXNativeTarget "upcomingTests" */ = {
			isa = XCConfigurationList;
			buildConfigurations = (
				C5DFAEF12D956AA5004F4F28 /* Debug */,
				C5DFAEF22D956AA5004F4F28 /* Release */,
			);
			defaultConfigurationIsVisible = 0;
			defaultConfigurationName = Release;
		};
		C5DFAEF32D956AA5004F4F28 /* Build configuration list for PBXNativeTarget "upcomingUITests" */ = {
			isa = XCConfigurationList;
			buildConfigurations = (
				C5DFAEF42D956AA5004F4F28 /* Debug */,
				C5DFAEF52D956AA5004F4F28 /* Release */,
			);
			defaultConfigurationIsVisible = 0;
			defaultConfigurationName = Release;
		};
/* End XCConfigurationList section */
	};
	rootObject = C5DFAEC02D956AA2004F4F28 /* Project object */;
}
